Microsoft Visual Studio Solution File, Format Version 12.00
# Visual Studio Version 17
VisualStudioVersion = 17.5.2.0
MinimumVisualStudioVersion = 10.0.40219.1
Project("{FAE04EC0-301F-11D3-BF4B-00C04F79EFBC}") = "newPrac", "newPrac\newPrac.csproj", "{F1AB482F-7B89-5DF9-72EF-A75868910897}"
EndProject
Global
	GlobalSection(SolutionConfigurationPlatforms) = preSolution
		Debug|Any CPU = Debug|Any CPU
		Release|Any CPU = Release|Any CPU
	EndGlobalSection
	GlobalSection(ProjectConfigurationPlatforms) = postSolution
		{F1AB482F-7B89-5DF9-72EF-A75868910897}.Debug|Any CPU.ActiveCfg = Debug|Any CPU
		{F1AB482F-7B89-5DF9-72EF-A75868910897}.Debug|Any CPU.Build.0 = Debug|Any CPU
		{F1AB482F-7B89-5DF9-72EF-A75868910897}.Release|Any CPU.ActiveCfg = Release|Any CPU
		{F1AB482F-7B89-5DF9-72EF-A75868910897}.Release|Any CPU.Build.0 = Release|Any CPU
	EndGlobalSection
	GlobalSection(SolutionProperties) = preSolution
		HideSolutionNode = FALSE
	EndGlobalSection
	GlobalSection(ExtensibilityGlobals) = postSolution
		SolutionGuid = {1626CE22-C0F7-4287-AFE9-1243E87334FC}
	EndGlobalSection
EndGlobal
